
Microsoft Visual Studio Solution File, Format Version 12.00
# Visual Studio 15
VisualStudioVersion = 15.0.28307.271
MinimumVisualStudioVersion = 10.0.40219.1
Project("{9A19103F-16F7-4668-BE54-9A1E7A4F7556}") = "QuartzDemo", "QuartzDemo\QuartzDemo.csproj", "{45EC1403-7B08-44DD-BD0D-370D2CFF2BD4}"
EndProject
Project("{FAE04EC0-301F-11D3-BF4B-00C04F79EFBC}") = "QuartzDemo.Core", "QuartzDemo.Core\QuartzDemo.Core.csproj", "{42261613-B7AF-457C-BBFB-B459C28C9D5F}"
EndProject
Global
	GlobalSection(SolutionConfigurationPlatforms) = preSolution
		Debug|Any CPU = Debug|Any CPU
		Release|Any CPU = Release|Any CPU
	EndGlobalSection
	GlobalSection(ProjectConfigurationPlatforms) = postSolution
		{45EC1403-7B08-44DD-BD0D-370D2CFF2BD4}.Debug|Any CPU.ActiveCfg = Debug|Any CPU
		{45EC1403-7B08-44DD-BD0D-370D2CFF2BD4}.Debug|Any CPU.Build.0 = Debug|Any CPU
		{45EC1403-7B08-44DD-BD0D-370D2CFF2BD4}.Release|Any CPU.ActiveCfg = Release|Any CPU
		{45EC1403-7B08-44DD-BD0D-370D2CFF2BD4}.Release|Any CPU.Build.0 = Release|Any CPU
		{42261613-B7AF-457C-BBFB-B459C28C9D5F}.Debug|Any CPU.ActiveCfg = Debug|Any CPU
		{42261613-B7AF-457C-BBFB-B459C28C9D5F}.Debug|Any CPU.Build.0 = Debug|Any CPU
		{42261613-B7AF-457C-BBFB-B459C28C9D5F}.Release|Any CPU.ActiveCfg = Release|Any CPU
		{42261613-B7AF-457C-BBFB-B459C28C9D5F}.Release|Any CPU.Build.0 = Release|Any CPU
	EndGlobalSection
	GlobalSection(SolutionProperties) = preSolution
		HideSolutionNode = FALSE
	EndGlobalSection
	GlobalSection(ExtensibilityGlobals) = postSolution
		SolutionGuid = {57962329-A75C-446F-BCB5-F72C6D25B4CC}
	EndGlobalSection
EndGlobal
